
Microsoft Visual Studio Solution File, Format Version 12.00
# Visual Studio Version 17
VisualStudioVersion = 17.10.35122.118
MinimumVisualStudioVersion = 10.0.40219.1
Project("{FAE04EC0-301F-11D3-BF4B-00C04F79EFBC}") = "InsightPC", "InsightPC.csproj", "{FA49338D-BBA1-49FE-85D8-84DD33778E84}"
EndProject
Global
	GlobalSection(SolutionConfigurationPlatforms) = preSolution
		Debug|Any CPU = Debug|Any CPU
		Release|Any CPU = Release|Any CPU
	EndGlobalSection
	GlobalSection(ProjectConfigurationPlatforms) = postSolution
		{FA49338D-BBA1-49FE-85D8-84DD33778E84}.Debug|Any CPU.ActiveCfg = Debug|Any CPU
		{FA49338D-BBA1-49FE-85D8-84DD33778E84}.Debug|Any CPU.Build.0 = Debug|Any CPU
		{FA49338D-BBA1-49FE-85D8-84DD33778E84}.Debug|Any CPU.Deploy.0 = Debug|Any CPU
		{FA49338D-BBA1-49FE-85D8-84DD33778E84}.Release|Any CPU.ActiveCfg = Release|Any CPU
		{FA49338D-BBA1-49FE-85D8-84DD33778E84}.Release|Any CPU.Build.0 = Release|Any CPU
		{FA49338D-BBA1-49FE-85D8-84DD33778E84}.Release|Any CPU.Deploy.0 = Release|Any CPU
	EndGlobalSection
	GlobalSection(SolutionProperties) = preSolution
		HideSolutionNode = FALSE
	EndGlobalSection
	GlobalSection(ExtensibilityGlobals) = postSolution
		SolutionGuid = {76F4A590-A391-4923-A11C-9C02541A6D35}
	EndGlobalSection
EndGlobal
